
Microsoft Visual Studio Solution File, Format Version 12.00
# Visual Studio Version 17
VisualStudioVersion = 17.5.33627.172
MinimumVisualStudioVersion = 10.0.40219.1
Project("{9A19103F-16F7-4668-BE54-9A1E7A4F7556}") = "MagicVilla_Api", "MagicVilla_Api\MagicVilla_Api.csproj", "{31A1C704-A670-45C4-A22E-9210A1DC8ADC}"
EndProject
Global
	GlobalSection(SolutionConfigurationPlatforms) = preSolution
		Debug|Any CPU = Debug|Any CPU
		Release|Any CPU = Release|Any CPU
	EndGlobalSection
	GlobalSection(ProjectConfigurationPlatforms) = postSolution
		{31A1C704-A670-45C4-A22E-9210A1DC8ADC}.Debug|Any CPU.ActiveCfg = Debug|Any CPU
		{31A1C704-A670-45C4-A22E-9210A1DC8ADC}.Debug|Any CPU.Build.0 = Debug|Any CPU
		{31A1C704-A670-45C4-A22E-9210A1DC8ADC}.Release|Any CPU.ActiveCfg = Release|Any CPU
		{31A1C704-A670-45C4-A22E-9210A1DC8ADC}.Release|Any CPU.Build.0 = Release|Any CPU
	EndGlobalSection
	GlobalSection(SolutionProperties) = preSolution
		HideSolutionNode = FALSE
	EndGlobalSection
	GlobalSection(ExtensibilityGlobals) = postSolution
		SolutionGuid = {883CEAF3-5662-4A13-A664-DE669D2F725B}
	EndGlobalSection
EndGlobal
